
Microsoft Visual Studio Solution File, Format Version 12.00
# Visual Studio Version 17
VisualStudioVersion = 17.7.34009.444
MinimumVisualStudioVersion = 10.0.40219.1
Project("{FAE04EC0-301F-11D3-BF4B-00C04F79EFBC}") = "SampleProjectForJenkins", "SampleProjectForJenkins\SampleProjectForJenkins.csproj", "{58EDF59A-806D-4772-AD00-30AE3272DBF3}"
EndProject
Global
	GlobalSection(SolutionConfigurationPlatforms) = preSolution
		Debug|Any CPU = Debug|Any CPU
		Release|Any CPU = Release|Any CPU
	EndGlobalSection
	GlobalSection(ProjectConfigurationPlatforms) = postSolution
		{58EDF59A-806D-4772-AD00-30AE3272DBF3}.Debug|Any CPU.ActiveCfg = Debug|Any CPU
		{58EDF59A-806D-4772-AD00-30AE3272DBF3}.Debug|Any CPU.Build.0 = Debug|Any CPU
		{58EDF59A-806D-4772-AD00-30AE3272DBF3}.Release|Any CPU.ActiveCfg = Release|Any CPU
		{58EDF59A-806D-4772-AD00-30AE3272DBF3}.Release|Any CPU.Build.0 = Release|Any CPU
	EndGlobalSection
	GlobalSection(SolutionProperties) = preSolution
		HideSolutionNode = FALSE
	EndGlobalSection
	GlobalSection(ExtensibilityGlobals) = postSolution
		SolutionGuid = {EEE31C10-A946-4351-A6E1-1BCE9226C211}
	EndGlobalSection
EndGlobal
